// !$*UTF8*$!
{
	archiveVersion = 1;
	classes = {
	};
	objectVersion = 50;
	objects = {

/* Begin PBXBuildFile section */
		CFB4423E2497EBB9009855FC /* AppDelegate.swift in Sources */ = {isa = PBXBuildFile; fileRef = CFB4423D2497EBB9009855FC /* AppDelegate.swift */; };
		CFB442402497EBB9009855FC /* SceneDelegate.swift in Sources */ = {isa = PBXBuildFile; fileRef = CFB4423F2497EBB9009855FC /* SceneDelegate.swift */; };
		CFB442422497EBB9009855FC /* ViewController.swift in Sources */ = {isa = PBXBuildFile; fileRef = CFB442412497EBB9009855FC /* ViewController.swift */; };
		CFB442452497EBB9009855FC /* Main.storyboard in Resources */ = {isa = PBXBuildFile; fileRef = CFB442432497EBB9009855FC /* Main.storyboard */; };
		CFB442472497EBC3009855FC /* Assets.xcassets in Resources */ = {isa = PBXBuildFile; fileRef = CFB442462497EBC3009855FC /* Assets.xcassets */; };
		CFB4424A2497EBC3009855FC /* LaunchScreen.storyboard in Resources */ = {isa = PBXBuildFile; fileRef = CFB442482497EBC3009855FC /* LaunchScreen.storyboard */; };
		CFB442522497EE34009855FC /* locations.json in Resources */ = {isa = PBXBuildFile; fileRef = CFB442512497EE34009855FC /* locations.json */; };
		CFB442542497EFC2009855FC /* FilmEntry.swift in Sources */ = {isa = PBXBuildFile; fileRef = CFB442532497EFC2009855FC /* FilmEntry.swift */; };
/* End PBXBuildFile section */

/* Begin PBXFileReference section */
		CFB4423A2497EBB9009855FC /* FilmLocations.app */ = {isa = PBXFileReference; explicitFileType = wrapper.application; includeInIndex = 0; path = FilmLocations.app; sourceTree = BUILT_PRODUCTS_DIR; };
		CFB4423D2497EBB9009855FC /* AppDelegate.swift */ = {isa = PBXFileReference; lastKnownFileType = sourcecode.swift; path = AppDelegate.swift; sourceTree = "<group>"; };
		CFB4423F2497EBB9009855FC /* SceneDelegate.swift */ = {isa = PBXFileReference; lastKnownFileType = sourcecode.swift; path = SceneDelegate.swift; sourceTree = "<group>"; };
		CFB442412497EBB9009855FC /* ViewController.swift */ = {isa = PBXFileReference; lastKnownFileType = sourcecode.swift; path = ViewController.swift; sourceTree = "<group>"; };
		CFB442442497EBB9009855FC /* Base */ = {isa = PBXFileReference; lastKnownFileType = file.storyboard; name = Base; path = Base.lproj/Main.storyboard; sourceTree = "<group>"; };
		CFB442462497EBC3009855FC /* Assets.xcassets */ = {isa = PBXFileReference; lastKnownFileType = folder.assetcatalog; path = Assets.xcassets; sourceTree = "<group>"; };
		CFB442492497EBC3009855FC /* Base */ = {isa = PBXFileReference; lastKnownFileType = file.storyboard; name = Base; path = Base.lproj/LaunchScreen.storyboard; sourceTree = "<group>"; };
		CFB4424B2497EBC3009855FC /* Info.plist */ = {isa = PBXFileReference; lastKnownFileType = text.plist.xml; path = Info.plist; sourceTree = "<group>"; };
		CFB442512497EE34009855FC /* locations.json */ = {isa = PBXFileReference; lastKnownFileType = text.json; path = locations.json; sourceTree = "<group>"; };
		CFB442532497EFC2009855FC /* FilmEntry.swift */ = {isa = PBXFileReference; lastKnownFileType = sourcecode.swift; path = FilmEntry.swift; sourceTree = "<group>"; };
/* End PBXFileReference section */

/* Begin PBXFrameworksBuildPhase section */
		CFB442372497EBB9009855FC /* Frameworks */ = {
			isa = PBXFrameworksBuildPhase;
			buildActionMask = 2147483647;
			files = (
			);
			runOnlyForDeploymentPostprocessing = 0;
		};
/* End PBXFrameworksBuildPhase section */

/* Begin PBXGroup section */
		CFB442312497EBB9009855FC = {
			isa = PBXGroup;
			children = (
				CFB4423C2497EBB9009855FC /* FilmLocations */,
				CFB4423B2497EBB9009855FC /* Products */,
			);
			sourceTree = "<group>";
		};
		CFB4423B2497EBB9009855FC /* Products */ = {
			isa = PBXGroup;
			children = (
				CFB4423A2497EBB9009855FC /* FilmLocations.app */,
			);
			name = Products;
			sourceTree = "<group>";
		};
		CFB4423C2497EBB9009855FC /* FilmLocations */ = {
			isa = PBXGroup;
			children = (
				CFB4423D2497EBB9009855FC /* AppDelegate.swift */,
				CFB4423F2497EBB9009855FC /* SceneDelegate.swift */,
				CFB442412497EBB9009855FC /* ViewController.swift */,
				CFB442432497EBB9009855FC /* Main.storyboard */,
				CFB442462497EBC3009855FC /* Assets.xcassets */,
				CFB442482497EBC3009855FC /* LaunchScreen.storyboard */,
				CFB4424B2497EBC3009855FC /* Info.plist */,
				CFB442512497EE34009855FC /* locations.json */,
				CFB442532497EFC2009855FC /* FilmEntry.swift */,
			);
			path = FilmLocations;
			sourceTree = "<group>";
		};
/* End PBXGroup section */

/* Begin PBXNativeTarget section */
		CFB442392497EBB9009855FC /* FilmLocations */ = {
			isa = PBXNativeTarget;
			buildConfigurationList = CFB4424E2497EBC3009855FC /* Build configuration list for PBXNativeTarget "FilmLocations" */;
			buildPhases = (
				CFB442362497EBB9009855FC /* Sources */,
				CFB442372497EBB9009855FC /* Frameworks */,
				CFB442382497EBB9009855FC /* Resources */,
			);
			buildRules = (
			);
			dependencies = (
			);
			name = FilmLocations;
			productName = FilmLocations;
			productReference = CFB4423A2497EBB9009855FC /* FilmLocations.app */;
			productType = "com.apple.product-type.application";
		};
/* End PBXNativeTarget section */

/* Begin PBXProject section */
		CFB442322497EBB9009855FC /* Project object */ = {
			isa = PBXProject;
			attributes = {
				LastSwiftUpdateCheck = 1130;
				LastUpgradeCheck = 1130;
				ORGANIZATIONNAME = "Anika Morris";
				TargetAttributes = {
					CFB442392497EBB9009855FC = {
						CreatedOnToolsVersion = 11.3.1;
					};
				};
			};
			buildConfigurationList = CFB442352497EBB9009855FC /* Build configuration list for PBXProject "FilmLocations" */;
			compatibilityVersion = "Xcode 9.3";
			developmentRegion = en;
			hasScannedForEncodings = 0;
			knownRegions = (
				en,
				Base,
			);
			mainGroup = CFB442312497EBB9009855FC;
			productRefGroup = CFB4423B2497EBB9009855FC /* Products */;
			projectDirPath = "";
			projectRoot = "";
			targets = (
				CFB442392497EBB9009855FC /* FilmLocations */,
			);
		};
/* End PBXProject section */

/* Begin PBXResourcesBuildPhase section */
		CFB442382497EBB9009855FC /* Resources */ = {
			isa = PBXResourcesBuildPhase;
			buildActionMask = 2147483647;
			files = (
				CFB4424A2497EBC3009855FC /* LaunchScreen.storyboard in Resources */,
				CFB442472497EBC3009855FC /* Assets.xcassets in Resources */,
				CFB442522497EE34009855FC /* locations.json in Resources */,
				CFB442452497EBB9009855FC /* Main.storyboard in Resources */,
			);
			runOnlyForDeploymentPostprocessing = 0;
		};
/* End PBXResourcesBuildPhase section */

/* Begin PBXSourcesBuildPhase section */
		CFB442362497EBB9009855FC /* Sources */ = {
			isa = PBXSourcesBuildPhase;
			buildActionMask = 2147483647;
			files = (
				CFB442542497EFC2009855FC /* FilmEntry.swift in Sources */,
				CFB442422497EBB9009855FC /* ViewController.swift in Sources */,
				CFB4423E2497EBB9009855FC /* AppDelegate.swift in Sources */,
				CFB442402497EBB9009855FC /* SceneDelegate.swift in Sources */,
			);
			runOnlyForDeploymentPostprocessing = 0;
		};
/* End PBXSourcesBuildPhase section */

/* Begin PBXVariantGroup section */
		CFB442432497EBB9009855FC /* Main.storyboard */ = {
			isa = PBXVariantGroup;
			children = (
				CFB442442497EBB9009855FC /* Base */,
			);
			name = Main.storyboard;
			sourceTree = "<group>";
		};
		CFB442482497EBC3009855FC /* LaunchScreen.storyboard */ = {
			isa = PBXVariantGroup;
			children = (
				CFB442492497EBC3009855FC /* Base */,
			);
			name = LaunchScreen.storyboard;
			sourceTree = "<group>";
		};
/* End PBXVariantGroup section */

/* Begin XCBuildConfiguration section */
		CFB4424C2497EBC3009855FC /* Debug */ = {
			isa = XCBuildConfiguration;
			buildSettings = {
				ALWAYS_SEARCH_USER_PATHS = NO;
				CLANG_ANALYZER_NONNULL = YES;
				CLANG_ANALYZER_NUMBER_OBJECT_CONVERSION = YES_AGGRESSIVE;
				CLANG_CXX_LANGUAGE_STANDARD = "gnu++14";
				CLANG_CXX_LIBRARY = "libc++";
				CLANG_ENABLE_MODULES = YES;
				CLANG_ENABLE_OBJC_ARC = YES;
				CLANG_ENABLE_OBJC_WEAK = YES;
				CLANG_WARN_BLOCK_CAPTURE_AUTORELEASING = YES;
				CLANG_WARN_BOOL_CONVERSION = YES;
				CLANG_WARN_COMMA = YES;
				CLANG_WARN_CONSTANT_CONVERSION = YES;
				CLANG_WARN_DEPRECATED_OBJC_IMPLEMENTATIONS = YES;
				CLANG_WARN_DIRECT_OBJC_ISA_USAGE = YES_ERROR;
				CLANG_WARN_DOCUMENTATION_COMMENTS = YES;
				CLANG_WARN_EMPTY_BODY = YES;
				CLANG_WARN_ENUM_CONVERSION = YES;
				CLANG_WARN_INFINITE_RECURSION = YES;
				CLANG_WARN_INT_CONVERSION = YES;
				CLANG_WARN_NON_LITERAL_NULL_CONVERSION = YES;
				CLANG_WARN_OBJC_IMPLICIT_RETAIN_SELF = YES;
				CLANG_WARN_OBJC_LITERAL_CONVERSION = YES;
				CLANG_WARN_OBJC_ROOT_CLASS = YES_ERROR;
				CLANG_WARN_RANGE_LOOP_ANALYSIS = YES;
				CLANG_WARN_STRICT_PROTOTYPES = YES;
				CLANG_WARN_SUSPICIOUS_MOVE = YES;
				CLANG_WARN_UNGUARDED_AVAILABILITY = YES_AGGRESSIVE;
				CLANG_WARN_UNREACHABLE_CODE = YES;
				CLANG_WARN__DUPLICATE_METHOD_MATCH = YES;
				COPY_PHASE_STRIP = NO;
				DEBUG_INFORMATION_FORMAT = dwarf;
				ENABLE_STRICT_OBJC_MSGSEND = YES;
				ENABLE_TESTABILITY = YES;
				GCC_C_LANGUAGE_STANDARD = gnu11;
				GCC_DYNAMIC_NO_PIC = NO;
				GCC_NO_COMMON_BLOCKS = YES;
				GCC_OPTIMIZATION_LEVEL = 0;
				GCC_PREPROCESSOR_DEFINITIONS = (
					"DEBUG=1",
					"$(inherited)",
				);
				GCC_WARN_64_TO_32_BIT_CONVERSION = YES;
				GCC_WARN_ABOUT_RETURN_TYPE = YES_ERROR;
				GCC_WARN_UNDECLARED_SELECTOR = YES;
				GCC_WARN_UNINITIALIZED_AUTOS = YES_AGGRESSIVE;
				GCC_WARN_UNUSED_FUNCTION = YES;
				GCC_WARN_UNUSED_VARIABLE = YES;
				IPHONEOS_DEPLOYMENT_TARGET = 13.2;
				MTL_ENABLE_DEBUG_INFO = INCLUDE_SOURCE;
				MTL_FAST_MATH = YES;
				ONLY_ACTIVE_ARCH = YES;
				SDKROOT = iphoneos;
				SWIFT_ACTIVE_COMPILATION_CONDITIONS = DEBUG;
				SWIFT_OPTIMIZATION_LEVEL = "-Onone";
			};
			name = Debug;
		};
		CFB4424D2497EBC3009855FC /* Release */ = {
			isa = XCBuildConfiguration;
			buildSettings = {
				ALWAYS_SEARCH_USER_PATHS = NO;
				CLANG_ANALYZER_NONNULL = YES;
				CLANG_ANALYZER_NUMBER_OBJECT_CONVERSION = YES_AGGRESSIVE;
				CLANG_CXX_LANGUAGE_STANDARD = "gnu++14";
				CLANG_CXX_LIBRARY = "libc++";
				CLANG_ENABLE_MODULES = YES;
				CLANG_ENABLE_OBJC_ARC = YES;
				CLANG_ENABLE_OBJC_WEAK = YES;
				CLANG_WARN_BLOCK_CAPTURE_AUTORELEASING = YES;
				CLANG_WARN_BOOL_CONVERSION = YES;
				CLANG_WARN_COMMA = YES;
				CLANG_WARN_CONSTANT_CONVERSION = YES;
				CLANG_WARN_DEPRECATED_OBJC_IMPLEMENTATIONS = YES;
				CLANG_WARN_DIRECT_OBJC_ISA_USAGE = YES_ERROR;
				CLANG_WARN_DOCUMENTATION_COMMENTS = YES;
				CLANG_WARN_EMPTY_BODY = YES;
				CLANG_WARN_ENUM_CONVERSION = YES;
				CLANG_WARN_INFINITE_RECURSION = YES;
				CLANG_WARN_INT_CONVERSION = YES;
				CLANG_WARN_NON_LITERAL_NULL_CONVERSION = YES;
				CLANG_WARN_OBJC_IMPLICIT_RETAIN_SELF = YES;
				CLANG_WARN_OBJC_LITERAL_CONVERSION = YES;
				CLANG_WARN_OBJC_ROOT_CLASS = YES_ERROR;
				CLANG_WARN_RANGE_LOOP_ANALYSIS = YES;
				CLANG_WARN_STRICT_PROTOTYPES = YES;
				CLANG_WARN_SUSPICIOUS_MOVE = YES;
				CLANG_WARN_UNGUARDED_AVAILABILITY = YES_AGGRESSIVE;
				CLANG_WARN_UNREACHABLE_CODE = YES;
				CLANG_WARN__DUPLICATE_METHOD_MATCH = YES;
				COPY_PHASE_STRIP = NO;
				DEBUG_INFORMATION_FORMAT = "dwarf-with-dsym";
				ENABLE_NS_ASSERTIONS = NO;
				ENABLE_STRICT_OBJC_MSGSEND = YES;
				GCC_C_LANGUAGE_STANDARD = gnu11;
				GCC_NO_COMMON_BLOCKS = YES;
				GCC_WARN_64_TO_32_BIT_CONVERSION = YES;
				GCC_WARN_ABOUT_RETURN_TYPE = YES_ERROR;
				GCC_WARN_UNDECLARED_SELECTOR = YES;
				GCC_WARN_UNINITIALIZED_AUTOS = YES_AGGRESSIVE;
				GCC_WARN_UNUSED_FUNCTION = YES;
				GCC_WARN_UNUSED_VARIABLE = YES;
				IPHONEOS_DEPLOYMENT_TARGET = 13.2;
				MTL_ENABLE_DEBUG_INFO = NO;
				MTL_FAST_MATH = YES;
				SDKROOT = iphoneos;
				SWIFT_COMPILATION_MODE = wholemodule;
				SWIFT_OPTIMIZATION_LEVEL = "-O";
				VALIDATE_PRODUCT = YES;
			};
			name = Release;
		};
		CFB4424F2497EBC3009855FC /* Debug */ = {
			isa = XCBuildConfiguration;
			buildSettings = {
				ASSETCATALOG_COMPILER_APPICON_NAME = AppIcon;
				CODE_SIGN_STYLE = Automatic;
				DEVELOPMENT_TEAM = HXYM5H2DXG;
				INFOPLIST_FILE = FilmLocations/Info.plist;
				LD_RUNPATH_SEARCH_PATHS = (
					"$(inherited)",
					"@executable_path/Frameworks",
				);
				PRODUCT_BUNDLE_IDENTIFIER = com.anikamorris.FilmLocations;
				PRODUCT_NAME = "$(TARGET_NAME)";
				SWIFT_VERSION = 5.0;
				TARGETED_DEVICE_FAMILY = "1,2";
			};
			name = Debug;
		};
		CFB442502497EBC3009855FC /* Release */ = {
			isa = XCBuildConfiguration;
			buildSettings = {
				ASSETCATALOG_COMPILER_APPICON_NAME = AppIcon;
				CODE_SIGN_STYLE = Automatic;
				DEVELOPMENT_TEAM = HXYM5H2DXG;
				INFOPLIST_FILE = FilmLocations/Info.plist;
				LD_RUNPATH_SEARCH_PATHS = (
					"$(inherited)",
					"@executable_path/Frameworks",
				);
				PRODUCT_BUNDLE_IDENTIFIER = com.anikamorris.FilmLocations;
				PRODUCT_NAME = "$(TARGET_NAME)";
				SWIFT_VERSION = 5.0;
				TARGETED_DEVICE_FAMILY = "1,2";
			};
			name = Release;
		};
/* End XCBuildConfiguration section */

/* Begin XCConfigurationList section */
		CFB442352497EBB9009855FC /* Build configuration list for PBXProject "FilmLocations" */ = {
			isa = XCConfigurationList;
			buildConfigurations = (
				CFB4424C2497EBC3009855FC /* Debug */,
				CFB4424D2497EBC3009855FC /* Release */,
			);
			defaultConfigurationIsVisible = 0;
			defaultConfigurationName = Release;
		};
		CFB4424E2497EBC3009855FC /* Build configuration list for PBXNativeTarget "FilmLocations" */ = {
			isa = XCConfigurationList;
			buildConfigurations = (
				CFB4424F2497EBC3009855FC /* Debug */,
				CFB442502497EBC3009855FC /* Release */,
			);
			defaultConfigurationIsVisible = 0;
			defaultConfigurationName = Release;
		};
/* End XCConfigurationList section */
	};
	rootObject = CFB442322497EBB9009855FC /* Project object */;
}
